// !$*UTF8*$!
{
	archiveVersion = 1;
	classes = {
	};
	objectVersion = 55;
	objects = {

/* Begin PBXBuildFile section */
		0450971028F49964005E78E0 /* Leopards_of_the_Greater_KrugerApp.swift in Sources */ = {isa = PBXBuildFile; fileRef = 0450970F28F49964005E78E0 /* Leopards_of_the_Greater_KrugerApp.swift */; };
		0450971228F49964005E78E0 /* ContentView.swift in Sources */ = {isa = PBXBuildFile; fileRef = 0450971128F49964005E78E0 /* ContentView.swift */; };
		0450971428F49966005E78E0 /* Assets.xcassets in Resources */ = {isa = PBXBuildFile; fileRef = 0450971328F49966005E78E0 /* Assets.xcassets */; };
		0450971728F49966005E78E0 /* Preview Assets.xcassets in Resources */ = {isa = PBXBuildFile; fileRef = 0450971628F49966005E78E0 /* Preview Assets.xcassets */; };
		0450971E28F4ABB1005E78E0 /* GoogleService-Info.plist in Resources */ = {isa = PBXBuildFile; fileRef = 0450971D28F4ABB1005E78E0 /* GoogleService-Info.plist */; };
		045DE8F828F5B22A004F54F1 /* SplashScreenView.swift in Sources */ = {isa = PBXBuildFile; fileRef = 045DE8F728F5B22A004F54F1 /* SplashScreenView.swift */; };
		045DE90228F5F294004F54F1 /* Card1View.swift in Sources */ = {isa = PBXBuildFile; fileRef = 045DE90128F5F294004F54F1 /* Card1View.swift */; };
		045DE90428F5F2A3004F54F1 /* Card2View.swift in Sources */ = {isa = PBXBuildFile; fileRef = 045DE90328F5F2A3004F54F1 /* Card2View.swift */; };
		045DE90628F5F2AE004F54F1 /* Card3View.swift in Sources */ = {isa = PBXBuildFile; fileRef = 045DE90528F5F2AE004F54F1 /* Card3View.swift */; };
		045DE90A28F608E0004F54F1 /* HomeView.swift in Sources */ = {isa = PBXBuildFile; fileRef = 045DE90928F608E0004F54F1 /* HomeView.swift */; };
		045DE90C28F61C55004F54F1 /* OnboardingViewScreens123.swift in Sources */ = {isa = PBXBuildFile; fileRef = 045DE90B28F61C55004F54F1 /* OnboardingViewScreens123.swift */; };
		0469E42328F741260045FC73 /* SearchBarView.swift in Sources */ = {isa = PBXBuildFile; fileRef = 0469E42228F741260045FC73 /* SearchBarView.swift */; };
		0469E42528F787980045FC73 /* LeopardLibrary.swift in Sources */ = {isa = PBXBuildFile; fileRef = 0469E42428F787980045FC73 /* LeopardLibrary.swift */; };
		0469E42C28F7936D0045FC73 /* IDkitView.swift in Sources */ = {isa = PBXBuildFile; fileRef = 0469E42B28F7936D0045FC73 /* IDkitView.swift */; };
		0475AEA1290EEDAF00726D86 /* IndividualAnimal.swift in Sources */ = {isa = PBXBuildFile; fileRef = 0475AEA0290EEDAF00726D86 /* IndividualAnimal.swift */; };
		0475AEA3290EFC4100726D86 /* IndividualTip.swift in Sources */ = {isa = PBXBuildFile; fileRef = 0475AEA2290EFC4100726D86 /* IndividualTip.swift */; };
		0475AEA5290F159B00726D86 /* africa.mp3 in Resources */ = {isa = PBXBuildFile; fileRef = 0475AEA4290F159B00726D86 /* africa.mp3 */; };
		0494C2E8290E7C2A00A48A59 /* AnimalSchema.swift in Sources */ = {isa = PBXBuildFile; fileRef = 0494C2E7290E7C2A00A48A59 /* AnimalSchema.swift */; };
		0494C2EA290E7C3C00A48A59 /* PhotographySchema.swift in Sources */ = {isa = PBXBuildFile; fileRef = 0494C2E9290E7C3C00A48A59 /* PhotographySchema.swift */; };
		0494C2EC290E829D00A48A59 /* AnimalData.swift in Sources */ = {isa = PBXBuildFile; fileRef = 0494C2EB290E829D00A48A59 /* AnimalData.swift */; };
		0494C2EE290E82AC00A48A59 /* PhotographyData.swift in Sources */ = {isa = PBXBuildFile; fileRef = 0494C2ED290E82AC00A48A59 /* PhotographyData.swift */; };
		0494C2F1290EA06200A48A59 /* StorageManager.swift in Sources */ = {isa = PBXBuildFile; fileRef = 0494C2F0290EA06200A48A59 /* StorageManager.swift */; };
		04E54F5E28FAF967005F54DB /* LeopardData.swift in Sources */ = {isa = PBXBuildFile; fileRef = 04E54F5D28FAF967005F54DB /* LeopardData.swift */; };
		04E54F6228FAFA42005F54DB /* LeopardSchema.swift in Sources */ = {isa = PBXBuildFile; fileRef = 04E54F6128FAFA42005F54DB /* LeopardSchema.swift */; };
		04E54F6428FB339B005F54DB /* MasterView.swift in Sources */ = {isa = PBXBuildFile; fileRef = 04E54F6328FB339B005F54DB /* MasterView.swift */; };
		04EBE6BA28FB8A7400081076 /* MapScreen.swift in Sources */ = {isa = PBXBuildFile; fileRef = 04EBE6B928FB8A7400081076 /* MapScreen.swift */; };
		04EBE6BC28FB8AA700081076 /* SettingsScreen.swift in Sources */ = {isa = PBXBuildFile; fileRef = 04EBE6BB28FB8AA700081076 /* SettingsScreen.swift */; };
		04EBE6BE28FB925A00081076 /* LeopardLibraryScreen.swift in Sources */ = {isa = PBXBuildFile; fileRef = 04EBE6BD28FB925A00081076 /* LeopardLibraryScreen.swift */; };
		85EB65197169352DFA404156 /* Pods_Leopards_of_the_Greater_Kruger.framework in Frameworks */ = {isa = PBXBuildFile; fileRef = CA7B52B24CC9FF69D2418B96 /* Pods_Leopards_of_the_Greater_Kruger.framework */; };
/* End PBXBuildFile section */

/* Begin PBXFileReference section */
		0450970C28F49964005E78E0 /* Leopards-of-the-Greater-Kruger.app */ = {isa = PBXFileReference; explicitFileType = wrapper.application; includeInIndex = 0; path = "Leopards-of-the-Greater-Kruger.app"; sourceTree = BUILT_PRODUCTS_DIR; };
		0450970F28F49964005E78E0 /* Leopards_of_the_Greater_KrugerApp.swift */ = {isa = PBXFileReference; lastKnownFileType = sourcecode.swift; path = Leopards_of_the_Greater_KrugerApp.swift; sourceTree = "<group>"; };
		0450971128F49964005E78E0 /* ContentView.swift */ = {isa = PBXFileReference; lastKnownFileType = sourcecode.swift; path = ContentView.swift; sourceTree = "<group>"; };
		0450971328F49966005E78E0 /* Assets.xcassets */ = {isa = PBXFileReference; lastKnownFileType = folder.assetcatalog; path = Assets.xcassets; sourceTree = "<group>"; };
		0450971628F49966005E78E0 /* Preview Assets.xcassets */ = {isa = PBXFileReference; lastKnownFileType = folder.assetcatalog; path = "Preview Assets.xcassets"; sourceTree = "<group>"; };
		0450971D28F4ABB1005E78E0 /* GoogleService-Info.plist */ = {isa = PBXFileReference; fileEncoding = 4; lastKnownFileType = text.plist.xml; path = "GoogleService-Info.plist"; sourceTree = "<group>"; };
		045DE8F728F5B22A004F54F1 /* SplashScreenView.swift */ = {isa = PBXFileReference; lastKnownFileType = sourcecode.swift; path = SplashScreenView.swift; sourceTree = "<group>"; };
		045DE90128F5F294004F54F1 /* Card1View.swift */ = {isa = PBXFileReference; lastKnownFileType = sourcecode.swift; path = Card1View.swift; sourceTree = "<group>"; };
		045DE90328F5F2A3004F54F1 /* Card2View.swift */ = {isa = PBXFileReference; lastKnownFileType = sourcecode.swift; path = Card2View.swift; sourceTree = "<group>"; };
		045DE90528F5F2AE004F54F1 /* Card3View.swift */ = {isa = PBXFileReference; lastKnownFileType = sourcecode.swift; path = Card3View.swift; sourceTree = "<group>"; };
		045DE90728F5F613004F54F1 /* Info.plist */ = {isa = PBXFileReference; lastKnownFileType = text.plist; path = Info.plist; sourceTree = "<group>"; };
		045DE90928F608E0004F54F1 /* HomeView.swift */ = {isa = PBXFileReference; lastKnownFileType = sourcecode.swift; path = HomeView.swift; sourceTree = "<group>"; usesTabs = 0; };
		045DE90B28F61C55004F54F1 /* OnboardingViewScreens123.swift */ = {isa = PBXFileReference; lastKnownFileType = sourcecode.swift; path = OnboardingViewScreens123.swift; sourceTree = "<group>"; };
		0469E42228F741260045FC73 /* SearchBarView.swift */ = {isa = PBXFileReference; lastKnownFileType = sourcecode.swift; path = SearchBarView.swift; sourceTree = "<group>"; };
		0469E42428F787980045FC73 /* LeopardLibrary.swift */ = {isa = PBXFileReference; lastKnownFileType = sourcecode.swift; path = LeopardLibrary.swift; sourceTree = "<group>"; };
		0469E42B28F7936D0045FC73 /* IDkitView.swift */ = {isa = PBXFileReference; lastKnownFileType = sourcecode.swift; path = IDkitView.swift; sourceTree = "<group>"; };
		0475AE9C290EDBDD00726D86 /* FirebaseCoreExtension.framework */ = {isa = PBXFileReference; explicitFileType = wrapper.framework; path = FirebaseCoreExtension.framework; sourceTree = BUILT_PRODUCTS_DIR; };
		0475AEA0290EEDAF00726D86 /* IndividualAnimal.swift */ = {isa = PBXFileReference; lastKnownFileType = sourcecode.swift; path = IndividualAnimal.swift; sourceTree = "<group>"; };
		0475AEA2290EFC4100726D86 /* IndividualTip.swift */ = {isa = PBXFileReference; lastKnownFileType = sourcecode.swift; path = IndividualTip.swift; sourceTree = "<group>"; };
		0475AEA4290F159B00726D86 /* africa.mp3 */ = {isa = PBXFileReference; lastKnownFileType = audio.mp3; path = africa.mp3; sourceTree = "<group>"; };
		0494C2E7290E7C2A00A48A59 /* AnimalSchema.swift */ = {isa = PBXFileReference; lastKnownFileType = sourcecode.swift; path = AnimalSchema.swift; sourceTree = "<group>"; };
		0494C2E9290E7C3C00A48A59 /* PhotographySchema.swift */ = {isa = PBXFileReference; lastKnownFileType = sourcecode.swift; path = PhotographySchema.swift; sourceTree = "<group>"; };
		0494C2EB290E829D00A48A59 /* AnimalData.swift */ = {isa = PBXFileReference; lastKnownFileType = sourcecode.swift; path = AnimalData.swift; sourceTree = "<group>"; };
		0494C2ED290E82AC00A48A59 /* PhotographyData.swift */ = {isa = PBXFileReference; lastKnownFileType = sourcecode.swift; path = PhotographyData.swift; sourceTree = "<group>"; };
		0494C2F0290EA06200A48A59 /* StorageManager.swift */ = {isa = PBXFileReference; lastKnownFileType = sourcecode.swift; path = StorageManager.swift; sourceTree = "<group>"; };
		04E54F5D28FAF967005F54DB /* LeopardData.swift */ = {isa = PBXFileReference; lastKnownFileType = sourcecode.swift; path = LeopardData.swift; sourceTree = "<group>"; };
		04E54F6128FAFA42005F54DB /* LeopardSchema.swift */ = {isa = PBXFileReference; lastKnownFileType = sourcecode.swift; path = LeopardSchema.swift; sourceTree = "<group>"; };
		04E54F6328FB339B005F54DB /* MasterView.swift */ = {isa = PBXFileReference; lastKnownFileType = sourcecode.swift; path = MasterView.swift; sourceTree = "<group>"; };
		04EBE6B928FB8A7400081076 /* MapScreen.swift */ = {isa = PBXFileReference; lastKnownFileType = sourcecode.swift; path = MapScreen.swift; sourceTree = "<group>"; };
		04EBE6BB28FB8AA700081076 /* SettingsScreen.swift */ = {isa = PBXFileReference; lastKnownFileType = sourcecode.swift; path = SettingsScreen.swift; sourceTree = "<group>"; };
		04EBE6BD28FB925A00081076 /* LeopardLibraryScreen.swift */ = {isa = PBXFileReference; lastKnownFileType = sourcecode.swift; path = LeopardLibraryScreen.swift; sourceTree = "<group>"; };
		6D5BBEC39CC54BA7006CE031 /* Pods-Leopards-of-the-Greater-Kruger.release.xcconfig */ = {isa = PBXFileReference; includeInIndex = 1; lastKnownFileType = text.xcconfig; name = "Pods-Leopards-of-the-Greater-Kruger.release.xcconfig"; path = "Target Support Files/Pods-Leopards-of-the-Greater-Kruger/Pods-Leopards-of-the-Greater-Kruger.release.xcconfig"; sourceTree = "<group>"; };
		CA7B52B24CC9FF69D2418B96 /* Pods_Leopards_of_the_Greater_Kruger.framework */ = {isa = PBXFileReference; explicitFileType = wrapper.framework; includeInIndex = 0; path = Pods_Leopards_of_the_Greater_Kruger.framework; sourceTree = BUILT_PRODUCTS_DIR; };
		DADD6C0A95C9FB69DD8DCCA1 /* Pods-Leopards-of-the-Greater-Kruger.debug.xcconfig */ = {isa = PBXFileReference; includeInIndex = 1; lastKnownFileType = text.xcconfig; name = "Pods-Leopards-of-the-Greater-Kruger.debug.xcconfig"; path = "Target Support Files/Pods-Leopards-of-the-Greater-Kruger/Pods-Leopards-of-the-Greater-Kruger.debug.xcconfig"; sourceTree = "<group>"; };
/* End PBXFileReference section */

/* Begin PBXFrameworksBuildPhase section */
		0450970928F49964005E78E0 /* Frameworks */ = {
			isa = PBXFrameworksBuildPhase;
			buildActionMask = 2147483647;
			files = (
				85EB65197169352DFA404156 /* Pods_Leopards_of_the_Greater_Kruger.framework in Frameworks */,
			);
			runOnlyForDeploymentPostprocessing = 0;
		};
/* End PBXFrameworksBuildPhase section */

/* Begin PBXGroup section */
		0450970328F49964005E78E0 = {
			isa = PBXGroup;
			children = (
				0450970E28F49964005E78E0 /* Leopards-of-the-Greater-Kruger */,
				0450970D28F49964005E78E0 /* Products */,
				0450973328F5937E005E78E0 /* Frameworks */,
				0D773431FC7E2FECCD6C2F14 /* Pods */,
			);
			sourceTree = "<group>";
		};
		0450970D28F49964005E78E0 /* Products */ = {
			isa = PBXGroup;
			children = (
				0450970C28F49964005E78E0 /* Leopards-of-the-Greater-Kruger.app */,
			);
			name = Products;
			sourceTree = "<group>";
		};
		0450970E28F49964005E78E0 /* Leopards-of-the-Greater-Kruger */ = {
			isa = PBXGroup;
			children = (
				0475AEA4290F159B00726D86 /* africa.mp3 */,
				0494C2E6290E7C0A00A48A59 /* PhotographyTipSchema */,
				0494C2E5290E7BFC00A48A59 /* AnimalLibrarySchema */,
				04E54F5F28FAFA1C005F54DB /* Leopard Schema */,
				04E54F5C28FAF93D005F54DB /* Firebase Service */,
				0469E42628F78DD70045FC73 /* CustomNavBar */,
				0469E42128F7410A0045FC73 /* Components */,
				045DE90728F5F613004F54F1 /* Info.plist */,
				045DE90028F5F0A4004F54F1 /* Screens */,
				045DE8F628F5B1E6004F54F1 /* View */,
				0450971328F49966005E78E0 /* Assets.xcassets */,
				0450971D28F4ABB1005E78E0 /* GoogleService-Info.plist */,
				0450971528F49966005E78E0 /* Preview Content */,
				0494C2F0290EA06200A48A59 /* StorageManager.swift */,
			);
			path = "Leopards-of-the-Greater-Kruger";
			sourceTree = "<group>";
		};
		0450971528F49966005E78E0 /* Preview Content */ = {
			isa = PBXGroup;
			children = (
				0450971628F49966005E78E0 /* Preview Assets.xcassets */,
			);
			path = "Preview Content";
			sourceTree = "<group>";
		};
		0450973328F5937E005E78E0 /* Frameworks */ = {
			isa = PBXGroup;
			children = (
				0475AE9C290EDBDD00726D86 /* FirebaseCoreExtension.framework */,
				CA7B52B24CC9FF69D2418B96 /* Pods_Leopards_of_the_Greater_Kruger.framework */,
			);
			name = Frameworks;
			sourceTree = "<group>";
		};
		045DE8F628F5B1E6004F54F1 /* View */ = {
			isa = PBXGroup;
			children = (
				045DE8F728F5B22A004F54F1 /* SplashScreenView.swift */,
				045DE90128F5F294004F54F1 /* Card1View.swift */,
				045DE90328F5F2A3004F54F1 /* Card2View.swift */,
				045DE90528F5F2AE004F54F1 /* Card3View.swift */,
				045DE90928F608E0004F54F1 /* HomeView.swift */,
				0469E42428F787980045FC73 /* LeopardLibrary.swift */,
				0469E42B28F7936D0045FC73 /* IDkitView.swift */,
				04E54F6328FB339B005F54DB /* MasterView.swift */,
			);
			path = View;
			sourceTree = "<group>";
		};
		045DE90028F5F0A4004F54F1 /* Screens */ = {
			isa = PBXGroup;
			children = (
				0450970F28F49964005E78E0 /* Leopards_of_the_Greater_KrugerApp.swift */,
				0450971128F49964005E78E0 /* ContentView.swift */,
				045DE90B28F61C55004F54F1 /* OnboardingViewScreens123.swift */,
				04EBE6B928FB8A7400081076 /* MapScreen.swift */,
				04EBE6BB28FB8AA700081076 /* SettingsScreen.swift */,
				04EBE6BD28FB925A00081076 /* LeopardLibraryScreen.swift */,
				0475AEA0290EEDAF00726D86 /* IndividualAnimal.swift */,
				0475AEA2290EFC4100726D86 /* IndividualTip.swift */,
			);
			path = Screens;
			sourceTree = "<group>";
		};
		0469E42128F7410A0045FC73 /* Components */ = {
			isa = PBXGroup;
			children = (
				0469E42228F741260045FC73 /* SearchBarView.swift */,
			);
			path = Components;
			sourceTree = "<group>";
		};
		0469E42628F78DD70045FC73 /* CustomNavBar */ = {
			isa = PBXGroup;
			children = (
			);
			path = CustomNavBar;
			sourceTree = "<group>";
		};
		0494C2E5290E7BFC00A48A59 /* AnimalLibrarySchema */ = {
			isa = PBXGroup;
			children = (
				0494C2E7290E7C2A00A48A59 /* AnimalSchema.swift */,
			);
			path = AnimalLibrarySchema;
			sourceTree = "<group>";
		};
		0494C2E6290E7C0A00A48A59 /* PhotographyTipSchema */ = {
			isa = PBXGroup;
			children = (
				0494C2E9290E7C3C00A48A59 /* PhotographySchema.swift */,
			);
			path = PhotographyTipSchema;
			sourceTree = "<group>";
		};
		04E54F5C28FAF93D005F54DB /* Firebase Service */ = {
			isa = PBXGroup;
			children = (
				04E54F5D28FAF967005F54DB /* LeopardData.swift */,
				0494C2EB290E829D00A48A59 /* AnimalData.swift */,
				0494C2ED290E82AC00A48A59 /* PhotographyData.swift */,
			);
			path = "Firebase Service";
			sourceTree = "<group>";
		};
		04E54F5F28FAFA1C005F54DB /* Leopard Schema */ = {
			isa = PBXGroup;
			children = (
				04E54F6128FAFA42005F54DB /* LeopardSchema.swift */,
			);
			path = "Leopard Schema";
			sourceTree = "<group>";
		};
		0D773431FC7E2FECCD6C2F14 /* Pods */ = {
			isa = PBXGroup;
			children = (
				DADD6C0A95C9FB69DD8DCCA1 /* Pods-Leopards-of-the-Greater-Kruger.debug.xcconfig */,
				6D5BBEC39CC54BA7006CE031 /* Pods-Leopards-of-the-Greater-Kruger.release.xcconfig */,
			);
			path = Pods;
			sourceTree = "<group>";
		};
/* End PBXGroup section */

/* Begin PBXNativeTarget section */
		0450970B28F49964005E78E0 /* Leopards-of-the-Greater-Kruger */ = {
			isa = PBXNativeTarget;
			buildConfigurationList = 0450971A28F49966005E78E0 /* Build configuration list for PBXNativeTarget "Leopards-of-the-Greater-Kruger" */;
			buildPhases = (
				D2F1A9532878D7C21E85ADDC /* [CP] Check Pods Manifest.lock */,
				0450970828F49964005E78E0 /* Sources */,
				0450970928F49964005E78E0 /* Frameworks */,
				0450970A28F49964005E78E0 /* Resources */,
				9B8CDA64D5D89602345037D4 /* [CP] Embed Pods Frameworks */,
			);
			buildRules = (
			);
			dependencies = (
			);
			name = "Leopards-of-the-Greater-Kruger";
			packageProductDependencies = (
			);
			productName = "Leopards-of-the-Greater-Kruger";
			productReference = 0450970C28F49964005E78E0 /* Leopards-of-the-Greater-Kruger.app */;
			productType = "com.apple.product-type.application";
		};
/* End PBXNativeTarget section */

/* Begin PBXProject section */
		0450970428F49964005E78E0 /* Project object */ = {
			isa = PBXProject;
			attributes = {
				BuildIndependentTargetsInParallel = 1;
				LastSwiftUpdateCheck = 1400;
				LastUpgradeCheck = 1400;
				TargetAttributes = {
					0450970B28F49964005E78E0 = {
						CreatedOnToolsVersion = 14.0;
					};
				};
			};
			buildConfigurationList = 0450970728F49964005E78E0 /* Build configuration list for PBXProject "Leopards-of-the-Greater-Kruger" */;
			compatibilityVersion = "Xcode 13.0";
			developmentRegion = en;
			hasScannedForEncodings = 0;
			knownRegions = (
				en,
				Base,
			);
			mainGroup = 0450970328F49964005E78E0;
			packageReferences = (
			);
			productRefGroup = 0450970D28F49964005E78E0 /* Products */;
			projectDirPath = "";
			projectRoot = "";
			targets = (
				0450970B28F49964005E78E0 /* Leopards-of-the-Greater-Kruger */,
			);
		};
/* End PBXProject section */

/* Begin PBXResourcesBuildPhase section */
		0450970A28F49964005E78E0 /* Resources */ = {
			isa = PBXResourcesBuildPhase;
			buildActionMask = 2147483647;
			files = (
				0450971728F49966005E78E0 /* Preview Assets.xcassets in Resources */,
				0450971428F49966005E78E0 /* Assets.xcassets in Resources */,
				0475AEA5290F159B00726D86 /* africa.mp3 in Resources */,
				0450971E28F4ABB1005E78E0 /* GoogleService-Info.plist in Resources */,
			);
			runOnlyForDeploymentPostprocessing = 0;
		};
/* End PBXResourcesBuildPhase section */

/* Begin PBXShellScriptBuildPhase section */
		9B8CDA64D5D89602345037D4 /* [CP] Embed Pods Frameworks */ = {
			isa = PBXShellScriptBuildPhase;
			buildActionMask = 2147483647;
			files = (
			);
			inputFileListPaths = (
				"${PODS_ROOT}/Target Support Files/Pods-Leopards-of-the-Greater-Kruger/Pods-Leopards-of-the-Greater-Kruger-frameworks-${CONFIGURATION}-input-files.xcfilelist",
			);
			name = "[CP] Embed Pods Frameworks";
			outputFileListPaths = (
				"${PODS_ROOT}/Target Support Files/Pods-Leopards-of-the-Greater-Kruger/Pods-Leopards-of-the-Greater-Kruger-frameworks-${CONFIGURATION}-output-files.xcfilelist",
			);
			runOnlyForDeploymentPostprocessing = 0;
			shellPath = /bin/sh;
			shellScript = "\"${PODS_ROOT}/Target Support Files/Pods-Leopards-of-the-Greater-Kruger/Pods-Leopards-of-the-Greater-Kruger-frameworks.sh\"\n";
			showEnvVarsInLog = 0;
		};
		D2F1A9532878D7C21E85ADDC /* [CP] Check Pods Manifest.lock */ = {
			isa = PBXShellScriptBuildPhase;
			buildActionMask = 2147483647;
			files = (
			);
			inputFileListPaths = (
			);
			inputPaths = (
				"${PODS_PODFILE_DIR_PATH}/Podfile.lock",
				"${PODS_ROOT}/Manifest.lock",
			);
			name = "[CP] Check Pods Manifest.lock";
			outputFileListPaths = (
			);
			outputPaths = (
				"$(DERIVED_FILE_DIR)/Pods-Leopards-of-the-Greater-Kruger-checkManifestLockResult.txt",
			);
			runOnlyForDeploymentPostprocessing = 0;
			shellPath = /bin/sh;
			shellScript = "diff \"${PODS_PODFILE_DIR_PATH}/Podfile.lock\" \"${PODS_ROOT}/Manifest.lock\" > /dev/null\nif [ $? != 0 ] ; then\n    # print error to STDERR\n    echo \"error: The sandbox is not in sync with the Podfile.lock. Run 'pod install' or update your CocoaPods installation.\" >&2\n    exit 1\nfi\n# This output is used by Xcode 'outputs' to avoid re-running this script phase.\necho \"SUCCESS\" > \"${SCRIPT_OUTPUT_FILE_0}\"\n";
			showEnvVarsInLog = 0;
		};
/* End PBXShellScriptBuildPhase section */

/* Begin PBXSourcesBuildPhase section */
		0450970828F49964005E78E0 /* Sources */ = {
			isa = PBXSourcesBuildPhase;
			buildActionMask = 2147483647;
			files = (
				0494C2E8290E7C2A00A48A59 /* AnimalSchema.swift in Sources */,
				04EBE6BC28FB8AA700081076 /* SettingsScreen.swift in Sources */,
				04E54F6228FAFA42005F54DB /* LeopardSchema.swift in Sources */,
				0469E42C28F7936D0045FC73 /* IDkitView.swift in Sources */,
				04E54F6428FB339B005F54DB /* MasterView.swift in Sources */,
				045DE90C28F61C55004F54F1 /* OnboardingViewScreens123.swift in Sources */,
				0469E42328F741260045FC73 /* SearchBarView.swift in Sources */,
				045DE90428F5F2A3004F54F1 /* Card2View.swift in Sources */,
				045DE90A28F608E0004F54F1 /* HomeView.swift in Sources */,
				045DE90228F5F294004F54F1 /* Card1View.swift in Sources */,
				0494C2EE290E82AC00A48A59 /* PhotographyData.swift in Sources */,
				04E54F5E28FAF967005F54DB /* LeopardData.swift in Sources */,
				0475AEA3290EFC4100726D86 /* IndividualTip.swift in Sources */,
				04EBE6BA28FB8A7400081076 /* MapScreen.swift in Sources */,
				0494C2F1290EA06200A48A59 /* StorageManager.swift in Sources */,
				0450971228F49964005E78E0 /* ContentView.swift in Sources */,
				0450971028F49964005E78E0 /* Leopards_of_the_Greater_KrugerApp.swift in Sources */,
				045DE90628F5F2AE004F54F1 /* Card3View.swift in Sources */,
				0494C2EA290E7C3C00A48A59 /* PhotographySchema.swift in Sources */,
				0475AEA1290EEDAF00726D86 /* IndividualAnimal.swift in Sources */,
				04EBE6BE28FB925A00081076 /* LeopardLibraryScreen.swift in Sources */,
				045DE8F828F5B22A004F54F1 /* SplashScreenView.swift in Sources */,
				0469E42528F787980045FC73 /* LeopardLibrary.swift in Sources */,
				0494C2EC290E829D00A48A59 /* AnimalData.swift in Sources */,
			);
			runOnlyForDeploymentPostprocessing = 0;
		};
/* End PBXSourcesBuildPhase section */

/* Begin XCBuildConfiguration section */
		0450971828F49966005E78E0 /* Debug */ = {
			isa = XCBuildConfiguration;
			buildSettings = {
				ALWAYS_SEARCH_USER_PATHS = NO;
				CLANG_ANALYZER_NONNULL = YES;
				CLANG_ANALYZER_NUMBER_OBJECT_CONVERSION = YES_AGGRESSIVE;
				CLANG_CXX_LANGUAGE_STANDARD = "gnu++20";
				CLANG_ENABLE_MODULES = YES;
				CLANG_ENABLE_OBJC_ARC = YES;
				CLANG_ENABLE_OBJC_WEAK = YES;
				CLANG_WARN_BLOCK_CAPTURE_AUTORELEASING = YES;
				CLANG_WARN_BOOL_CONVERSION = YES;
				CLANG_WARN_COMMA = YES;
				CLANG_WARN_CONSTANT_CONVERSION = YES;
				CLANG_WARN_DEPRECATED_OBJC_IMPLEMENTATIONS = YES;
				CLANG_WARN_DIRECT_OBJC_ISA_USAGE = YES_ERROR;
				CLANG_WARN_DOCUMENTATION_COMMENTS = YES;
				CLANG_WARN_EMPTY_BODY = YES;
				CLANG_WARN_ENUM_CONVERSION = YES;
				CLANG_WARN_INFINITE_RECURSION = YES;
				CLANG_WARN_INT_CONVERSION = YES;
				CLANG_WARN_NON_LITERAL_NULL_CONVERSION = YES;
				CLANG_WARN_OBJC_IMPLICIT_RETAIN_SELF = YES;
				CLANG_WARN_OBJC_LITERAL_CONVERSION = YES;
				CLANG_WARN_OBJC_ROOT_CLASS = YES_ERROR;
				CLANG_WARN_QUOTED_INCLUDE_IN_FRAMEWORK_HEADER = YES;
				CLANG_WARN_RANGE_LOOP_ANALYSIS = YES;
				CLANG_WARN_STRICT_PROTOTYPES = YES;
				CLANG_WARN_SUSPICIOUS_MOVE = YES;
				CLANG_WARN_UNGUARDED_AVAILABILITY = YES_AGGRESSIVE;
				CLANG_WARN_UNREACHABLE_CODE = YES;
				CLANG_WARN__DUPLICATE_METHOD_MATCH = YES;
				COPY_PHASE_STRIP = NO;
				DEBUG_INFORMATION_FORMAT = dwarf;
				ENABLE_STRICT_OBJC_MSGSEND = YES;
				ENABLE_TESTABILITY = YES;
				GCC_C_LANGUAGE_STANDARD = gnu11;
				GCC_DYNAMIC_NO_PIC = NO;
				GCC_NO_COMMON_BLOCKS = YES;
				GCC_OPTIMIZATION_LEVEL = 0;
				GCC_PREPROCESSOR_DEFINITIONS = (
					"DEBUG=1",
					"$(inherited)",
				);
				GCC_WARN_64_TO_32_BIT_CONVERSION = YES;
				GCC_WARN_ABOUT_RETURN_TYPE = YES_ERROR;
				GCC_WARN_UNDECLARED_SELECTOR = YES;
				GCC_WARN_UNINITIALIZED_AUTOS = YES_AGGRESSIVE;
				GCC_WARN_UNUSED_FUNCTION = YES;
				GCC_WARN_UNUSED_VARIABLE = YES;
				IPHONEOS_DEPLOYMENT_TARGET = 16.0;
				MTL_ENABLE_DEBUG_INFO = INCLUDE_SOURCE;
				MTL_FAST_MATH = YES;
				ONLY_ACTIVE_ARCH = YES;
				SDKROOT = iphoneos;
				SWIFT_ACTIVE_COMPILATION_CONDITIONS = DEBUG;
				SWIFT_OPTIMIZATION_LEVEL = "-Onone";
			};
			name = Debug;
		};
		0450971928F49966005E78E0 /* Release */ = {
			isa = XCBuildConfiguration;
			buildSettings = {
				ALWAYS_SEARCH_USER_PATHS = NO;
				CLANG_ANALYZER_NONNULL = YES;
				CLANG_ANALYZER_NUMBER_OBJECT_CONVERSION = YES_AGGRESSIVE;
				CLANG_CXX_LANGUAGE_STANDARD = "gnu++20";
				CLANG_ENABLE_MODULES = YES;
				CLANG_ENABLE_OBJC_ARC = YES;
				CLANG_ENABLE_OBJC_WEAK = YES;
				CLANG_WARN_BLOCK_CAPTURE_AUTORELEASING = YES;
				CLANG_WARN_BOOL_CONVERSION = YES;
				CLANG_WARN_COMMA = YES;
				CLANG_WARN_CONSTANT_CONVERSION = YES;
				CLANG_WARN_DEPRECATED_OBJC_IMPLEMENTATIONS = YES;
				CLANG_WARN_DIRECT_OBJC_ISA_USAGE = YES_ERROR;
				CLANG_WARN_DOCUMENTATION_COMMENTS = YES;
				CLANG_WARN_EMPTY_BODY = YES;
				CLANG_WARN_ENUM_CONVERSION = YES;
				CLANG_WARN_INFINITE_RECURSION = YES;
				CLANG_WARN_INT_CONVERSION = YES;
				CLANG_WARN_NON_LITERAL_NULL_CONVERSION = YES;
				CLANG_WARN_OBJC_IMPLICIT_RETAIN_SELF = YES;
				CLANG_WARN_OBJC_LITERAL_CONVERSION = YES;
				CLANG_WARN_OBJC_ROOT_CLASS = YES_ERROR;
				CLANG_WARN_QUOTED_INCLUDE_IN_FRAMEWORK_HEADER = YES;
				CLANG_WARN_RANGE_LOOP_ANALYSIS = YES;
				CLANG_WARN_STRICT_PROTOTYPES = YES;
				CLANG_WARN_SUSPICIOUS_MOVE = YES;
				CLANG_WARN_UNGUARDED_AVAILABILITY = YES_AGGRESSIVE;
				CLANG_WARN_UNREACHABLE_CODE = YES;
				CLANG_WARN__DUPLICATE_METHOD_MATCH = YES;
				COPY_PHASE_STRIP = NO;
				DEBUG_INFORMATION_FORMAT = "dwarf-with-dsym";
				ENABLE_NS_ASSERTIONS = NO;
				ENABLE_STRICT_OBJC_MSGSEND = YES;
				GCC_C_LANGUAGE_STANDARD = gnu11;
				GCC_NO_COMMON_BLOCKS = YES;
				GCC_WARN_64_TO_32_BIT_CONVERSION = YES;
				GCC_WARN_ABOUT_RETURN_TYPE = YES_ERROR;
				GCC_WARN_UNDECLARED_SELECTOR = YES;
				GCC_WARN_UNINITIALIZED_AUTOS = YES_AGGRESSIVE;
				GCC_WARN_UNUSED_FUNCTION = YES;
				GCC_WARN_UNUSED_VARIABLE = YES;
				IPHONEOS_DEPLOYMENT_TARGET = 16.0;
				MTL_ENABLE_DEBUG_INFO = NO;
				MTL_FAST_MATH = YES;
				SDKROOT = iphoneos;
				SWIFT_COMPILATION_MODE = wholemodule;
				SWIFT_OPTIMIZATION_LEVEL = "-O";
				VALIDATE_PRODUCT = YES;
			};
			name = Release;
		};
		0450971B28F49966005E78E0 /* Debug */ = {
			isa = XCBuildConfiguration;
			baseConfigurationReference = DADD6C0A95C9FB69DD8DCCA1 /* Pods-Leopards-of-the-Greater-Kruger.debug.xcconfig */;
			buildSettings = {
				ASSETCATALOG_COMPILER_APPICON_NAME = AppIcon;
				ASSETCATALOG_COMPILER_GLOBAL_ACCENT_COLOR_NAME = AccentColor;
				ASSETCATALOG_COMPILER_INCLUDE_ALL_APPICON_ASSETS = YES;
				CODE_SIGN_STYLE = Automatic;
				CURRENT_PROJECT_VERSION = 1;
				DEVELOPMENT_ASSET_PATHS = "\"Leopards-of-the-Greater-Kruger/Preview Content\"";
				DEVELOPMENT_TEAM = A84C98MU3G;
				ENABLE_PREVIEWS = YES;
				GENERATE_INFOPLIST_FILE = YES;
				INFOPLIST_FILE = "Leopards-of-the-Greater-Kruger/Info.plist";
				INFOPLIST_KEY_CFBundleDisplayName = GoWild;
				INFOPLIST_KEY_LSApplicationCategoryType = "public.app-category.education";
				INFOPLIST_KEY_UIApplicationSceneManifest_Generation = YES;
				INFOPLIST_KEY_UIApplicationSupportsIndirectInputEvents = YES;
				INFOPLIST_KEY_UISupportedInterfaceOrientations_iPad = "UIInterfaceOrientationPortrait UIInterfaceOrientationPortraitUpsideDown UIInterfaceOrientationLandscapeLeft UIInterfaceOrientationLandscapeRight";
				INFOPLIST_KEY_UISupportedInterfaceOrientations_iPhone = "UIInterfaceOrientationPortrait UIInterfaceOrientationLandscapeLeft UIInterfaceOrientationLandscapeRight";
				LD_RUNPATH_SEARCH_PATHS = (
					"$(inherited)",
					"@executable_path/Frameworks",
				);
				MARKETING_VERSION = 1.0;
				PRODUCT_BUNDLE_IDENTIFIER = Shanre.GoWildApp;
				PRODUCT_NAME = "$(TARGET_NAME)";
				SWIFT_EMIT_LOC_STRINGS = YES;
				SWIFT_VERSION = 5.0;
				TARGETED_DEVICE_FAMILY = "1,2";
			};
			name = Debug;
		};
		0450971C28F49966005E78E0 /* Release */ = {
			isa = XCBuildConfiguration;
			baseConfigurationReference = 6D5BBEC39CC54BA7006CE031 /* Pods-Leopards-of-the-Greater-Kruger.release.xcconfig */;
			buildSettings = {
				ASSETCATALOG_COMPILER_APPICON_NAME = AppIcon;
				ASSETCATALOG_COMPILER_GLOBAL_ACCENT_COLOR_NAME = AccentColor;
				ASSETCATALOG_COMPILER_INCLUDE_ALL_APPICON_ASSETS = YES;
				CODE_SIGN_STYLE = Automatic;
				CURRENT_PROJECT_VERSION = 1;
				DEVELOPMENT_ASSET_PATHS = "\"Leopards-of-the-Greater-Kruger/Preview Content\"";
				DEVELOPMENT_TEAM = A84C98MU3G;
				ENABLE_PREVIEWS = YES;
				GENERATE_INFOPLIST_FILE = YES;
				INFOPLIST_FILE = "Leopards-of-the-Greater-Kruger/Info.plist";
				INFOPLIST_KEY_CFBundleDisplayName = GoWild;
				INFOPLIST_KEY_LSApplicationCategoryType = "public.app-category.education";
				INFOPLIST_KEY_UIApplicationSceneManifest_Generation = YES;
				INFOPLIST_KEY_UIApplicationSupportsIndirectInputEvents = YES;
				INFOPLIST_KEY_UISupportedInterfaceOrientations_iPad = "UIInterfaceOrientationPortrait UIInterfaceOrientationPortraitUpsideDown UIInterfaceOrientationLandscapeLeft UIInterfaceOrientationLandscapeRight";
				INFOPLIST_KEY_UISupportedInterfaceOrientations_iPhone = "UIInterfaceOrientationPortrait UIInterfaceOrientationLandscapeLeft UIInterfaceOrientationLandscapeRight";
				LD_RUNPATH_SEARCH_PATHS = (
					"$(inherited)",
					"@executable_path/Frameworks",
				);
				MARKETING_VERSION = 1.0;
				PRODUCT_BUNDLE_IDENTIFIER = Shanre.GoWildApp;
				PRODUCT_NAME = "$(TARGET_NAME)";
				SWIFT_EMIT_LOC_STRINGS = YES;
				SWIFT_VERSION = 5.0;
				TARGETED_DEVICE_FAMILY = "1,2";
			};
			name = Release;
		};
/* End XCBuildConfiguration section */

/* Begin XCConfigurationList section */
		0450970728F49964005E78E0 /* Build configuration list for PBXProject "Leopards-of-the-Greater-Kruger" */ = {
			isa = XCConfigurationList;
			buildConfigurations = (
				0450971828F49966005E78E0 /* Debug */,
				0450971928F49966005E78E0 /* Release */,
			);
			defaultConfigurationIsVisible = 0;
			defaultConfigurationName = Release;
		};
		0450971A28F49966005E78E0 /* Build configuration list for PBXNativeTarget "Leopards-of-the-Greater-Kruger" */ = {
			isa = XCConfigurationList;
			buildConfigurations = (
				0450971B28F49966005E78E0 /* Debug */,
				0450971C28F49966005E78E0 /* Release */,
			);
			defaultConfigurationIsVisible = 0;
			defaultConfigurationName = Release;
		};
/* End XCConfigurationList section */
	};
	rootObject = 0450970428F49964005E78E0 /* Project object */;
}
